
Microsoft Visual Studio Solution File, Format Version 12.00
# Visual Studio Version 17
VisualStudioVersion = 17.2.32602.215
MinimumVisualStudioVersion = 10.0.40219.1
Project("{FAE04EC0-301F-11D3-BF4B-00C04F79EFBC}") = "UdemyCertificationsMBA", "UdemyCertificationsMBA\UdemyCertificationsMBA.csproj", "{FDFE5DAB-BFE5-4AC9-A44A-08587C774357}"
EndProject
Global
	GlobalSection(SolutionConfigurationPlatforms) = preSolution
		Debug|Any CPU = Debug|Any CPU
		Release|Any CPU = Release|Any CPU
	EndGlobalSection
	GlobalSection(ProjectConfigurationPlatforms) = postSolution
		{FDFE5DAB-BFE5-4AC9-A44A-08587C774357}.Debug|Any CPU.ActiveCfg = Debug|Any CPU
		{FDFE5DAB-BFE5-4AC9-A44A-08587C774357}.Debug|Any CPU.Build.0 = Debug|Any CPU
		{FDFE5DAB-BFE5-4AC9-A44A-08587C774357}.Release|Any CPU.ActiveCfg = Release|Any CPU
		{FDFE5DAB-BFE5-4AC9-A44A-08587C774357}.Release|Any CPU.Build.0 = Release|Any CPU
	EndGlobalSection
	GlobalSection(SolutionProperties) = preSolution
		HideSolutionNode = FALSE
	EndGlobalSection
	GlobalSection(ExtensibilityGlobals) = postSolution
		SolutionGuid = {22C299A2-18A3-45D9-89C1-8A2B09D9B5D7}
	EndGlobalSection
EndGlobal
